
Microsoft Visual Studio Solution File, Format Version 12.00
# Visual Studio Version 17
VisualStudioVersion = 17.6.33815.320
MinimumVisualStudioVersion = 10.0.40219.1
Project("{FAE04EC0-301F-11D3-BF4B-00C04F79EFBC}") = "Zoo_Belous914", "Zoo_Belous914\Zoo_Belous914.csproj", "{307A0BE3-025C-404E-B869-43C449C7D0BC}"
EndProject
Global
	GlobalSection(SolutionConfigurationPlatforms) = preSolution
		Debug|Any CPU = Debug|Any CPU
		Release|Any CPU = Release|Any CPU
	EndGlobalSection
	GlobalSection(ProjectConfigurationPlatforms) = postSolution
		{307A0BE3-025C-404E-B869-43C449C7D0BC}.Debug|Any CPU.ActiveCfg = Debug|Any CPU
		{307A0BE3-025C-404E-B869-43C449C7D0BC}.Debug|Any CPU.Build.0 = Debug|Any CPU
		{307A0BE3-025C-404E-B869-43C449C7D0BC}.Release|Any CPU.ActiveCfg = Release|Any CPU
		{307A0BE3-025C-404E-B869-43C449C7D0BC}.Release|Any CPU.Build.0 = Release|Any CPU
	EndGlobalSection
	GlobalSection(SolutionProperties) = preSolution
		HideSolutionNode = FALSE
	EndGlobalSection
	GlobalSection(ExtensibilityGlobals) = postSolution
		SolutionGuid = {0815751D-DCA8-4A09-9FC2-83FB85B8A3D5}
	EndGlobalSection
EndGlobal
